<?xml version="1.0" encoding="utf-8"?>
<Project ToolsVersion="4.0" xmlns="http://schemas.microsoft.com/developer/msbuild/2003">
    <ItemGroup>
        <Filter Include="Source Files">
            <UniqueIdentifier>{4FC737F1-C7A5-4376-A066-2A32D752A2FF}</UniqueIdentifier>
            <Extensions>cpp;c;cc;cxx;c++;cppm;ixx;def;odl;idl;hpj;bat;asm;asmx</Extensions>
        </Filter>
        <Filter Include="Header Files">
            <UniqueIdentifier>{93995380-89BD-4B04-88EB-625FBE52EBFB}</UniqueIdentifier>
            <Extensions>h;hh;hpp;hxx;h++;hm;inl;inc;ipp;xsd</Extensions>
        </Filter>
        <Filter Include="Images">
            <UniqueIdentifier>{6E901252-3135-5382-5769-143D295A57A6}</UniqueIdentifier>
            <Extensions>png;jpg;jpeg;dds;bmp;tif;tiff;gif;ico;svg</Extensions>
        </Filter>
        <Filter Include="Resource Files">
            <UniqueIdentifier>{67DA6AB6-F800-4C08-8B7A-83BB121AAD01}</UniqueIdentifier>
            <Extensions>rc;cur;dlg;rc2;rct;bin;rgs;resx;wav;mfcribbon-ms</Extensions>
        </Filter>
    </ItemGroup>
    <ItemGroup>
        <ClInclude Include="$(SolutionDir)..\src\ShootEmUp\AssetManager.h">
            <Filter>Header Files</Filter>
        </ClInclude>
        <ClInclude Include="$(SolutionDir)..\src\ShootEmUp\Calcul.h">
            <Filter>Header Files</Filter>
        </ClInclude>
        <ClInclude Include="$(SolutionDir)..\src\ShootEmUp\Car.h">
            <Filter>Header Files</Filter>
        </ClInclude>
        <ClInclude Include="$(SolutionDir)..\src\ShootEmUp\Character.h">
            <Filter>Header Files</Filter>
        </ClInclude>
        <ClInclude Include="$(SolutionDir)..\src\ShootEmUp\Circle.h">
            <Filter>Header Files</Filter>
        </ClInclude>
        <ClInclude Include="$(SolutionDir)..\src\ShootEmUp\Ennemy.h">
            <Filter>Header Files</Filter>
        </ClInclude>
        <ClInclude Include="$(SolutionDir)..\src\ShootEmUp\GameManager.h">
            <Filter>Header Files</Filter>
        </ClInclude>
        <ClInclude Include="$(SolutionDir)..\src\ShootEmUp\Geometry.h">
            <Filter>Header Files</Filter>
        </ClInclude>
        <ClInclude Include="$(SolutionDir)..\src\ShootEmUp\Helico.h">
            <Filter>Header Files</Filter>
        </ClInclude>
        <ClInclude Include="$(SolutionDir)..\src\ShootEmUp\Hero.h">
            <Filter>Header Files</Filter>
        </ClInclude>
        <ClInclude Include="$(SolutionDir)..\src\ShootEmUp\Image.h">
            <Filter>Header Files</Filter>
        </ClInclude>
        <ClInclude Include="$(SolutionDir)..\src\ShootEmUp\ImageMenu.h">
            <Filter>Header Files</Filter>
        </ClInclude>
        <ClInclude Include="$(SolutionDir)..\src\ShootEmUp\InputManager.h">
            <Filter>Header Files</Filter>
        </ClInclude>
        <ClInclude Include="$(SolutionDir)..\src\ShootEmUp\main.h">
            <Filter>Header Files</Filter>
        </ClInclude>
        <ClInclude Include="$(SolutionDir)..\src\ShootEmUp\Menu.h">
            <Filter>Header Files</Filter>
        </ClInclude>
        <ClInclude Include="$(SolutionDir)..\src\ShootEmUp\Moto.h">
            <Filter>Header Files</Filter>
        </ClInclude>
        <ClInclude Include="$(SolutionDir)..\src\ShootEmUp\Obstacle.h">
            <Filter>Header Files</Filter>
        </ClInclude>
        <ClInclude Include="$(SolutionDir)..\src\ShootEmUp\Rectangle.h">
            <Filter>Header Files</Filter>
        </ClInclude>
        <ClInclude Include="$(SolutionDir)..\src\ShootEmUp\TankBoss.h">
            <Filter>Header Files</Filter>
        </ClInclude>
    </ItemGroup>
    <ItemGroup>
        <ClCompile Include="$(SolutionDir)..\src\ShootEmUp\AssetManager.cpp">
            <Filter>Source Files</Filter>
        </ClCompile>
        <ClCompile Include="$(SolutionDir)..\src\ShootEmUp\Calcul.cpp">
            <Filter>Source Files</Filter>
        </ClCompile>
        <ClCompile Include="$(SolutionDir)..\src\ShootEmUp\Car.cpp">
            <Filter>Source Files</Filter>
        </ClCompile>
        <ClCompile Include="$(SolutionDir)..\src\ShootEmUp\Character.cpp">
            <Filter>Source Files</Filter>
        </ClCompile>
        <ClCompile Include="$(SolutionDir)..\src\ShootEmUp\Circle.cpp">
            <Filter>Source Files</Filter>
        </ClCompile>
        <ClCompile Include="$(SolutionDir)..\src\ShootEmUp\Ennemy.cpp">
            <Filter>Source Files</Filter>
        </ClCompile>
        <ClCompile Include="$(SolutionDir)..\src\ShootEmUp\GameManager.cpp">
            <Filter>Source Files</Filter>
        </ClCompile>
        <ClCompile Include="$(SolutionDir)..\src\ShootEmUp\Geometry.cpp">
            <Filter>Source Files</Filter>
        </ClCompile>
        <ClCompile Include="$(SolutionDir)..\src\ShootEmUp\Helico.cpp">
            <Filter>Source Files</Filter>
        </ClCompile>
        <ClCompile Include="$(SolutionDir)..\src\ShootEmUp\Hero.cpp">
            <Filter>Source Files</Filter>
        </ClCompile>
        <ClCompile Include="$(SolutionDir)..\src\ShootEmUp\Image.cpp">
            <Filter>Source Files</Filter>
        </ClCompile>
        <ClCompile Include="$(SolutionDir)..\src\ShootEmUp\ImageMenu.cpp">
            <Filter>Source Files</Filter>
        </ClCompile>
        <ClCompile Include="$(SolutionDir)..\src\ShootEmUp\InputManager.cpp">
            <Filter>Source Files</Filter>
        </ClCompile>
        <ClCompile Include="$(SolutionDir)..\src\ShootEmUp\main.cpp">
            <Filter>Source Files</Filter>
        </ClCompile>
        <ClCompile Include="$(SolutionDir)..\src\ShootEmUp\Menu.cpp">
            <Filter>Source Files</Filter>
        </ClCompile>
        <ClCompile Include="$(SolutionDir)..\src\ShootEmUp\Moto.cpp">
            <Filter>Source Files</Filter>
        </ClCompile>
        <ClCompile Include="$(SolutionDir)..\src\ShootEmUp\Obstacle.cpp">
            <Filter>Source Files</Filter>
        </ClCompile>
        <ClCompile Include="$(SolutionDir)..\src\ShootEmUp\Rectangle.cpp">
            <Filter>Source Files</Filter>
        </ClCompile>
        <ClCompile Include="$(SolutionDir)..\src\ShootEmUp\TankBoss.cpp">
            <Filter>Source Files</Filter>
        </ClCompile>
    </ItemGroup>
    <ItemGroup>
    </ItemGroup>
    <ItemGroup>
    </ItemGroup>
</Project>